
Microsoft Visual Studio Solution File, Format Version 12.00
# Visual Studio 2012
Project("{FAE04EC0-301F-11D3-BF4B-00C04F79EFBC}") = "FunnelWeb.Web", "FunnelWeb.Web\FunnelWeb.Web.csproj", "{64FAABD6-F45B-4ED1-A3AD-6989C1934405}"
EndProject
Project("{FAE04EC0-301F-11D3-BF4B-00C04F79EFBC}") = "FunnelWeb.Tests", "FunnelWeb.Tests\FunnelWeb.Tests.csproj", "{D9FD02F0-96B4-43EE-8FD9-455658B00EE5}"
EndProject
Project("{FAE04EC0-301F-11D3-BF4B-00C04F79EFBC}") = "FunnelWeb", "FunnelWeb\FunnelWeb.csproj", "{3E448C45-F459-45D7-950C-5ABEF926513D}"
EndProject
Project("{FAE04EC0-301F-11D3-BF4B-00C04F79EFBC}") = "FunnelWeb.Extensions.CommentNotification", "FunnelWeb.Extensions.CommentNotification\FunnelWeb.Extensions.CommentNotification.csproj", "{5C5EFCF0-454D-42E0-AA89-7F69FB5457BA}"
EndProject
Project("{2150E333-8FDC-42A3-9474-1A3956D46DE8}") = ".nuget", ".nuget", "{19CE1DD1-3DF1-41B1-9C97-44320B5E345C}"
	ProjectSection(SolutionItems) = preProject
		.nuget\NuGet.exe = .nuget\NuGet.exe
		.nuget\NuGet.targets = .nuget\NuGet.targets
	EndProjectSection
EndProject
Project("{868A99DF-6AFA-3F46-9F74-A7FB69C37E31}") = "FunnelWeb.Azure", "FunnelWeb.Azure\FunnelWeb.Azure.ccproj", "{9C40F45A-2834-49C4-8304-0E30751D8BF2}"
EndProject
Global
	GlobalSection(SolutionConfigurationPlatforms) = preSolution
		Debug|Any CPU = Debug|Any CPU
		Release|Any CPU = Release|Any CPU
	EndGlobalSection
	GlobalSection(ProjectConfigurationPlatforms) = postSolution
		{3E448C45-F459-45D7-950C-5ABEF926513D}.Debug|Any CPU.ActiveCfg = Debug|Any CPU
		{3E448C45-F459-45D7-950C-5ABEF926513D}.Debug|Any CPU.Build.0 = Debug|Any CPU
		{3E448C45-F459-45D7-950C-5ABEF926513D}.Release|Any CPU.ActiveCfg = Release|Any CPU
		{3E448C45-F459-45D7-950C-5ABEF926513D}.Release|Any CPU.Build.0 = Release|Any CPU
		{5C5EFCF0-454D-42E0-AA89-7F69FB5457BA}.Debug|Any CPU.ActiveCfg = Debug|Any CPU
		{5C5EFCF0-454D-42E0-AA89-7F69FB5457BA}.Debug|Any CPU.Build.0 = Debug|Any CPU
		{5C5EFCF0-454D-42E0-AA89-7F69FB5457BA}.Release|Any CPU.ActiveCfg = Release|Any CPU
		{5C5EFCF0-454D-42E0-AA89-7F69FB5457BA}.Release|Any CPU.Build.0 = Release|Any CPU
		{64FAABD6-F45B-4ED1-A3AD-6989C1934405}.Debug|Any CPU.ActiveCfg = Debug|Any CPU
		{64FAABD6-F45B-4ED1-A3AD-6989C1934405}.Debug|Any CPU.Build.0 = Debug|Any CPU
		{64FAABD6-F45B-4ED1-A3AD-6989C1934405}.Release|Any CPU.ActiveCfg = Release|Any CPU
		{64FAABD6-F45B-4ED1-A3AD-6989C1934405}.Release|Any CPU.Build.0 = Release|Any CPU
		{9C40F45A-2834-49C4-8304-0E30751D8BF2}.Debug|Any CPU.ActiveCfg = Debug|Any CPU
		{9C40F45A-2834-49C4-8304-0E30751D8BF2}.Debug|Any CPU.Build.0 = Debug|Any CPU
		{9C40F45A-2834-49C4-8304-0E30751D8BF2}.Release|Any CPU.ActiveCfg = Release|Any CPU
		{9C40F45A-2834-49C4-8304-0E30751D8BF2}.Release|Any CPU.Build.0 = Release|Any CPU
		{D9FD02F0-96B4-43EE-8FD9-455658B00EE5}.Debug|Any CPU.ActiveCfg = Debug|Any CPU
		{D9FD02F0-96B4-43EE-8FD9-455658B00EE5}.Debug|Any CPU.Build.0 = Debug|Any CPU
		{D9FD02F0-96B4-43EE-8FD9-455658B00EE5}.Release|Any CPU.ActiveCfg = Release|Any CPU
		{D9FD02F0-96B4-43EE-8FD9-455658B00EE5}.Release|Any CPU.Build.0 = Release|Any CPU
	EndGlobalSection
	GlobalSection(SolutionProperties) = preSolution
		HideSolutionNode = FALSE
	EndGlobalSection
EndGlobal
