
Microsoft Visual Studio Solution File, Format Version 11.00
# Visual Web Developer Express 2010
Project("{FAE04EC0-301F-11D3-BF4B-00C04F79EFBC}") = "FunnelWeb.Web", "FunnelWeb.Web\FunnelWeb.Web.csproj", "{64FAABD6-F45B-4ED1-A3AD-6989C1934405}"
EndProject
Project("{FAE04EC0-301F-11D3-BF4B-00C04F79EFBC}") = "FunnelWeb.Tests", "FunnelWeb.Tests\FunnelWeb.Tests.csproj", "{D9FD02F0-96B4-43EE-8FD9-455658B00EE5}"
EndProject
Project("{FAE04EC0-301F-11D3-BF4B-00C04F79EFBC}") = "FunnelWeb.DatabaseDeployer", "FunnelWeb.DatabaseDeployer\FunnelWeb.DatabaseDeployer.csproj", "{D3182161-B0E5-47A7-8968-654489F0C60E}"
EndProject
Global
	GlobalSection(SolutionConfigurationPlatforms) = preSolution
		Debug|Any CPU = Debug|Any CPU
		Debug|Mixed Platforms = Debug|Mixed Platforms
		Debug|x86 = Debug|x86
		Release|Any CPU = Release|Any CPU
		Release|Mixed Platforms = Release|Mixed Platforms
		Release|x86 = Release|x86
	EndGlobalSection
	GlobalSection(ProjectConfigurationPlatforms) = postSolution
		{64FAABD6-F45B-4ED1-A3AD-6989C1934405}.Debug|Any CPU.ActiveCfg = Debug|Any CPU
		{64FAABD6-F45B-4ED1-A3AD-6989C1934405}.Debug|Any CPU.Build.0 = Debug|Any CPU
		{64FAABD6-F45B-4ED1-A3AD-6989C1934405}.Debug|Mixed Platforms.ActiveCfg = Debug|Any CPU
		{64FAABD6-F45B-4ED1-A3AD-6989C1934405}.Debug|Mixed Platforms.Build.0 = Debug|Any CPU
		{64FAABD6-F45B-4ED1-A3AD-6989C1934405}.Debug|x86.ActiveCfg = Debug|Any CPU
		{64FAABD6-F45B-4ED1-A3AD-6989C1934405}.Release|Any CPU.ActiveCfg = Release|Any CPU
		{64FAABD6-F45B-4ED1-A3AD-6989C1934405}.Release|Any CPU.Build.0 = Release|Any CPU
		{64FAABD6-F45B-4ED1-A3AD-6989C1934405}.Release|Mixed Platforms.ActiveCfg = Release|Any CPU
		{64FAABD6-F45B-4ED1-A3AD-6989C1934405}.Release|Mixed Platforms.Build.0 = Release|Any CPU
		{64FAABD6-F45B-4ED1-A3AD-6989C1934405}.Release|x86.ActiveCfg = Release|Any CPU
		{D9FD02F0-96B4-43EE-8FD9-455658B00EE5}.Debug|Any CPU.ActiveCfg = Debug|Any CPU
		{D9FD02F0-96B4-43EE-8FD9-455658B00EE5}.Debug|Any CPU.Build.0 = Debug|Any CPU
		{D9FD02F0-96B4-43EE-8FD9-455658B00EE5}.Debug|Mixed Platforms.ActiveCfg = Debug|Any CPU
		{D9FD02F0-96B4-43EE-8FD9-455658B00EE5}.Debug|Mixed Platforms.Build.0 = Debug|Any CPU
		{D9FD02F0-96B4-43EE-8FD9-455658B00EE5}.Debug|x86.ActiveCfg = Debug|Any CPU
		{D9FD02F0-96B4-43EE-8FD9-455658B00EE5}.Release|Any CPU.ActiveCfg = Release|Any CPU
		{D9FD02F0-96B4-43EE-8FD9-455658B00EE5}.Release|Any CPU.Build.0 = Release|Any CPU
		{D9FD02F0-96B4-43EE-8FD9-455658B00EE5}.Release|Mixed Platforms.ActiveCfg = Release|Any CPU
		{D9FD02F0-96B4-43EE-8FD9-455658B00EE5}.Release|Mixed Platforms.Build.0 = Release|Any CPU
		{D9FD02F0-96B4-43EE-8FD9-455658B00EE5}.Release|x86.ActiveCfg = Release|Any CPU
		{D3182161-B0E5-47A7-8968-654489F0C60E}.Debug|Any CPU.ActiveCfg = Debug|Any CPU
		{D3182161-B0E5-47A7-8968-654489F0C60E}.Debug|Any CPU.Build.0 = Debug|Any CPU
		{D3182161-B0E5-47A7-8968-654489F0C60E}.Debug|Mixed Platforms.ActiveCfg = Debug|x86
		{D3182161-B0E5-47A7-8968-654489F0C60E}.Debug|Mixed Platforms.Build.0 = Debug|x86
		{D3182161-B0E5-47A7-8968-654489F0C60E}.Debug|x86.ActiveCfg = Debug|x86
		{D3182161-B0E5-47A7-8968-654489F0C60E}.Debug|x86.Build.0 = Debug|x86
		{D3182161-B0E5-47A7-8968-654489F0C60E}.Release|Any CPU.ActiveCfg = Release|Any CPU
		{D3182161-B0E5-47A7-8968-654489F0C60E}.Release|Any CPU.Build.0 = Release|Any CPU
		{D3182161-B0E5-47A7-8968-654489F0C60E}.Release|Mixed Platforms.ActiveCfg = Release|x86
		{D3182161-B0E5-47A7-8968-654489F0C60E}.Release|Mixed Platforms.Build.0 = Release|x86
		{D3182161-B0E5-47A7-8968-654489F0C60E}.Release|x86.ActiveCfg = Release|x86
		{D3182161-B0E5-47A7-8968-654489F0C60E}.Release|x86.Build.0 = Release|x86
	EndGlobalSection
	GlobalSection(SolutionProperties) = preSolution
		HideSolutionNode = FALSE
	EndGlobalSection
EndGlobal
